
Microsoft Visual Studio Solution File, Format Version 12.00
# Visual Studio Version 16
VisualStudioVersion = 16.0.33027.164
MinimumVisualStudioVersion = 10.0.40219.1
Project("{FAE04EC0-301F-11D3-BF4B-00C04F79EFBC}") = "GPTTerminal", "GPTTerminal\GPTTerminal.csproj", "{0DCE233D-E3DA-4089-9E2F-BFD67C10B14E}"
EndProject
Global
	GlobalSection(SolutionConfigurationPlatforms) = preSolution
		Debug|Any CPU = Debug|Any CPU
		Release|Any CPU = Release|Any CPU
	EndGlobalSection
	GlobalSection(ProjectConfigurationPlatforms) = postSolution
		{0DCE233D-E3DA-4089-9E2F-BFD67C10B14E}.Debug|Any CPU.ActiveCfg = Debug|Any CPU
		{0DCE233D-E3DA-4089-9E2F-BFD67C10B14E}.Debug|Any CPU.Build.0 = Debug|Any CPU
		{0DCE233D-E3DA-4089-9E2F-BFD67C10B14E}.Release|Any CPU.ActiveCfg = Release|Any CPU
		{0DCE233D-E3DA-4089-9E2F-BFD67C10B14E}.Release|Any CPU.Build.0 = Release|Any CPU
	EndGlobalSection
	GlobalSection(SolutionProperties) = preSolution
		HideSolutionNode = FALSE
	EndGlobalSection
	GlobalSection(ExtensibilityGlobals) = postSolution
		SolutionGuid = {B7F69F41-9B08-450A-903C-C46A40A52CDC}
	EndGlobalSection
EndGlobal
